// !$*UTF8*$!
{
	archiveVersion = 1;
	classes = {
	};
	objectVersion = 46;
	objects = {

/* Begin PBXBuildFile section */
		9C22A598186613CC0058B68C /* Foundation.framework in Frameworks */ = {isa = PBXBuildFile; fileRef = 9C22A597186613CC0058B68C /* Foundation.framework */; };
		9C22A59A186613CC0058B68C /* CoreGraphics.framework in Frameworks */ = {isa = PBXBuildFile; fileRef = 9C22A599186613CC0058B68C /* CoreGraphics.framework */; };
		9C22A59C186613CC0058B68C /* UIKit.framework in Frameworks */ = {isa = PBXBuildFile; fileRef = 9C22A59B186613CC0058B68C /* UIKit.framework */; };
		9C22A5A2186613CC0058B68C /* InfoPlist.strings in Resources */ = {isa = PBXBuildFile; fileRef = 9C22A5A0186613CC0058B68C /* InfoPlist.strings */; };
		9C22A5A4186613CC0058B68C /* main.m in Sources */ = {isa = PBXBuildFile; fileRef = 9C22A5A3186613CC0058B68C /* main.m */; };
		9C22A5A8186613CC0058B68C /* NTRAppDelegate.m in Sources */ = {isa = PBXBuildFile; fileRef = 9C22A5A7186613CC0058B68C /* NTRAppDelegate.m */; };
		9C22A5AB186613CC0058B68C /* Main.storyboard in Resources */ = {isa = PBXBuildFile; fileRef = 9C22A5A9186613CC0058B68C /* Main.storyboard */; };
		9C22A5AE186613CC0058B68C /* NTRViewController.m in Sources */ = {isa = PBXBuildFile; fileRef = 9C22A5AD186613CC0058B68C /* NTRViewController.m */; };
		9C22A5B0186613CC0058B68C /* Images.xcassets in Resources */ = {isa = PBXBuildFile; fileRef = 9C22A5AF186613CC0058B68C /* Images.xcassets */; };
		9C22A5B7186613CC0058B68C /* XCTest.framework in Frameworks */ = {isa = PBXBuildFile; fileRef = 9C22A5B6186613CC0058B68C /* XCTest.framework */; };
		9C22A5B8186613CC0058B68C /* Foundation.framework in Frameworks */ = {isa = PBXBuildFile; fileRef = 9C22A597186613CC0058B68C /* Foundation.framework */; };
		9C22A5B9186613CC0058B68C /* UIKit.framework in Frameworks */ = {isa = PBXBuildFile; fileRef = 9C22A59B186613CC0058B68C /* UIKit.framework */; };
		9C22A5C1186613CC0058B68C /* InfoPlist.strings in Resources */ = {isa = PBXBuildFile; fileRef = 9C22A5BF186613CC0058B68C /* InfoPlist.strings */; };
		9C22A5C3186613CC0058B68C /* HelloWorldTests.m in Sources */ = {isa = PBXBuildFile; fileRef = 9C22A5C2186613CC0058B68C /* HelloWorldTests.m */; };
/* End PBXBuildFile section */

/* Begin PBXContainerItemProxy section */
		9C22A5BA186613CC0058B68C /* PBXContainerItemProxy */ = {
			isa = PBXContainerItemProxy;
			containerPortal = 9C22A58C186613CB0058B68C /* Project object */;
			proxyType = 1;
			remoteGlobalIDString = 9C22A593186613CC0058B68C;
			remoteInfo = HelloWorld;
		};
/* End PBXContainerItemProxy section */

/* Begin PBXFileReference section */
		9C22A594186613CC0058B68C /* HelloWorld.app */ = {isa = PBXFileReference; explicitFileType = wrapper.application; includeInIndex = 0; path = HelloWorld.app; sourceTree = BUILT_PRODUCTS_DIR; };
		9C22A597186613CC0058B68C /* Foundation.framework */ = {isa = PBXFileReference; lastKnownFileType = wrapper.framework; name = Foundation.framework; path = System/Library/Frameworks/Foundation.framework; sourceTree = SDKROOT; };
		9C22A599186613CC0058B68C /* CoreGraphics.framework */ = {isa = PBXFileReference; lastKnownFileType = wrapper.framework; name = CoreGraphics.framework; path = System/Library/Frameworks/CoreGraphics.framework; sourceTree = SDKROOT; };
		9C22A59B186613CC0058B68C /* UIKit.framework */ = {isa = PBXFileReference; lastKnownFileType = wrapper.framework; name = UIKit.framework; path = System/Library/Frameworks/UIKit.framework; sourceTree = SDKROOT; };
		9C22A59F186613CC0058B68C /* HelloWorld-Info.plist */ = {isa = PBXFileReference; lastKnownFileType = text.plist.xml; path = "HelloWorld-Info.plist"; sourceTree = "<group>"; };
		9C22A5A1186613CC0058B68C /* en */ = {isa = PBXFileReference; lastKnownFileType = text.plist.strings; name = en; path = en.lproj/InfoPlist.strings; sourceTree = "<group>"; };
		9C22A5A3186613CC0058B68C /* main.m */ = {isa = PBXFileReference; lastKnownFileType = sourcecode.c.objc; path = main.m; sourceTree = "<group>"; };
		9C22A5A5186613CC0058B68C /* HelloWorld-Prefix.pch */ = {isa = PBXFileReference; lastKnownFileType = sourcecode.c.h; path = "HelloWorld-Prefix.pch"; sourceTree = "<group>"; };
		9C22A5A6186613CC0058B68C /* NTRAppDelegate.h */ = {isa = PBXFileReference; lastKnownFileType = sourcecode.c.h; path = NTRAppDelegate.h; sourceTree = "<group>"; };
		9C22A5A7186613CC0058B68C /* NTRAppDelegate.m */ = {isa = PBXFileReference; lastKnownFileType = sourcecode.c.objc; path = NTRAppDelegate.m; sourceTree = "<group>"; };
		9C22A5AA186613CC0058B68C /* Base */ = {isa = PBXFileReference; lastKnownFileType = file.storyboard; name = Base; path = Base.lproj/Main.storyboard; sourceTree = "<group>"; };
		9C22A5AC186613CC0058B68C /* NTRViewController.h */ = {isa = PBXFileReference; lastKnownFileType = sourcecode.c.h; path = NTRViewController.h; sourceTree = "<group>"; };
		9C22A5AD186613CC0058B68C /* NTRViewController.m */ = {isa = PBXFileReference; lastKnownFileType = sourcecode.c.objc; path = NTRViewController.m; sourceTree = "<group>"; };
		9C22A5AF186613CC0058B68C /* Images.xcassets */ = {isa = PBXFileReference; lastKnownFileType = folder.assetcatalog; path = Images.xcassets; sourceTree = "<group>"; };
		9C22A5B5186613CC0058B68C /* HelloWorldTests.xctest */ = {isa = PBXFileReference; explicitFileType = wrapper.cfbundle; includeInIndex = 0; path = HelloWorldTests.xctest; sourceTree = BUILT_PRODUCTS_DIR; };
		9C22A5B6186613CC0058B68C /* XCTest.framework */ = {isa = PBXFileReference; lastKnownFileType = wrapper.framework; name = XCTest.framework; path = Library/Frameworks/XCTest.framework; sourceTree = DEVELOPER_DIR; };
		9C22A5BE186613CC0058B68C /* HelloWorldTests-Info.plist */ = {isa = PBXFileReference; lastKnownFileType = text.plist.xml; path = "HelloWorldTests-Info.plist"; sourceTree = "<group>"; };
		9C22A5C0186613CC0058B68C /* en */ = {isa = PBXFileReference; lastKnownFileType = text.plist.strings; name = en; path = en.lproj/InfoPlist.strings; sourceTree = "<group>"; };
		9C22A5C2186613CC0058B68C /* HelloWorldTests.m */ = {isa = PBXFileReference; lastKnownFileType = sourcecode.c.objc; path = HelloWorldTests.m; sourceTree = "<group>"; };
/* End PBXFileReference section */

/* Begin PBXFrameworksBuildPhase section */
		9C22A591186613CC0058B68C /* Frameworks */ = {
			isa = PBXFrameworksBuildPhase;
			buildActionMask = 2147483647;
			files = (
				9C22A59A186613CC0058B68C /* CoreGraphics.framework in Frameworks */,
				9C22A59C186613CC0058B68C /* UIKit.framework in Frameworks */,
				9C22A598186613CC0058B68C /* Foundation.framework in Frameworks */,
			);
			runOnlyForDeploymentPostprocessing = 0;
		};
		9C22A5B2186613CC0058B68C /* Frameworks */ = {
			isa = PBXFrameworksBuildPhase;
			buildActionMask = 2147483647;
			files = (
				9C22A5B7186613CC0058B68C /* XCTest.framework in Frameworks */,
				9C22A5B9186613CC0058B68C /* UIKit.framework in Frameworks */,
				9C22A5B8186613CC0058B68C /* Foundation.framework in Frameworks */,
			);
			runOnlyForDeploymentPostprocessing = 0;
		};
/* End PBXFrameworksBuildPhase section */

/* Begin PBXGroup section */
		9C22A58B186613CB0058B68C = {
			isa = PBXGroup;
			children = (
				9C22A59D186613CC0058B68C /* HelloWorld */,
				9C22A5BC186613CC0058B68C /* HelloWorldTests */,
				9C22A596186613CC0058B68C /* Frameworks */,
				9C22A595186613CC0058B68C /* Products */,
			);
			sourceTree = "<group>";
		};
		9C22A595186613CC0058B68C /* Products */ = {
			isa = PBXGroup;
			children = (
				9C22A594186613CC0058B68C /* HelloWorld.app */,
				9C22A5B5186613CC0058B68C /* HelloWorldTests.xctest */,
			);
			name = Products;
			sourceTree = "<group>";
		};
		9C22A596186613CC0058B68C /* Frameworks */ = {
			isa = PBXGroup;
			children = (
				9C22A597186613CC0058B68C /* Foundation.framework */,
				9C22A599186613CC0058B68C /* CoreGraphics.framework */,
				9C22A59B186613CC0058B68C /* UIKit.framework */,
				9C22A5B6186613CC0058B68C /* XCTest.framework */,
			);
			name = Frameworks;
			sourceTree = "<group>";
		};
		9C22A59D186613CC0058B68C /* HelloWorld */ = {
			isa = PBXGroup;
			children = (
				9C22A5A6186613CC0058B68C /* NTRAppDelegate.h */,
				9C22A5A7186613CC0058B68C /* NTRAppDelegate.m */,
				9C22A5A9186613CC0058B68C /* Main.storyboard */,
				9C22A5AC186613CC0058B68C /* NTRViewController.h */,
				9C22A5AD186613CC0058B68C /* NTRViewController.m */,
				9C22A5AF186613CC0058B68C /* Images.xcassets */,
				9C22A59E186613CC0058B68C /* Supporting Files */,
			);
			path = HelloWorld;
			sourceTree = "<group>";
		};
		9C22A59E186613CC0058B68C /* Supporting Files */ = {
			isa = PBXGroup;
			children = (
				9C22A59F186613CC0058B68C /* HelloWorld-Info.plist */,
				9C22A5A0186613CC0058B68C /* InfoPlist.strings */,
				9C22A5A3186613CC0058B68C /* main.m */,
				9C22A5A5186613CC0058B68C /* HelloWorld-Prefix.pch */,
			);
			name = "Supporting Files";
			sourceTree = "<group>";
		};
		9C22A5BC186613CC0058B68C /* HelloWorldTests */ = {
			isa = PBXGroup;
			children = (
				9C22A5C2186613CC0058B68C /* HelloWorldTests.m */,
				9C22A5BD186613CC0058B68C /* Supporting Files */,
			);
			path = HelloWorldTests;
			sourceTree = "<group>";
		};
		9C22A5BD186613CC0058B68C /* Supporting Files */ = {
			isa = PBXGroup;
			children = (
				9C22A5BE186613CC0058B68C /* HelloWorldTests-Info.plist */,
				9C22A5BF186613CC0058B68C /* InfoPlist.strings */,
			);
			name = "Supporting Files";
			sourceTree = "<group>";
		};
/* End PBXGroup section */

/* Begin PBXNativeTarget section */
		9C22A593186613CC0058B68C /* HelloWorld */ = {
			isa = PBXNativeTarget;
			buildConfigurationList = 9C22A5C6186613CC0058B68C /* Build configuration list for PBXNativeTarget "HelloWorld" */;
			buildPhases = (
				9C22A590186613CC0058B68C /* Sources */,
				9C22A591186613CC0058B68C /* Frameworks */,
				9C22A592186613CC0058B68C /* Resources */,
			);
			buildRules = (
			);
			dependencies = (
			);
			name = HelloWorld;
			productName = HelloWorld;
			productReference = 9C22A594186613CC0058B68C /* HelloWorld.app */;
			productType = "com.apple.product-type.application";
		};
		9C22A5B4186613CC0058B68C /* HelloWorldTests */ = {
			isa = PBXNativeTarget;
			buildConfigurationList = 9C22A5C9186613CC0058B68C /* Build configuration list for PBXNativeTarget "HelloWorldTests" */;
			buildPhases = (
				9C22A5B1186613CC0058B68C /* Sources */,
				9C22A5B2186613CC0058B68C /* Frameworks */,
				9C22A5B3186613CC0058B68C /* Resources */,
			);
			buildRules = (
			);
			dependencies = (
				9C22A5BB186613CC0058B68C /* PBXTargetDependency */,
			);
			name = HelloWorldTests;
			productName = HelloWorldTests;
			productReference = 9C22A5B5186613CC0058B68C /* HelloWorldTests.xctest */;
			productType = "com.apple.product-type.bundle.unit-test";
		};
/* End PBXNativeTarget section */

/* Begin PBXProject section */
		9C22A58C186613CB0058B68C /* Project object */ = {
			isa = PBXProject;
			attributes = {
				CLASSPREFIX = NTR;
				LastUpgradeCheck = 0500;
				ORGANIZATIONNAME = NatashaTheRobot;
				TargetAttributes = {
					9C22A5B4186613CC0058B68C = {
						TestTargetID = 9C22A593186613CC0058B68C;
					};
				};
			};
			buildConfigurationList = 9C22A58F186613CB0058B68C /* Build configuration list for PBXProject "HelloWorld" */;
			compatibilityVersion = "Xcode 3.2";
			developmentRegion = English;
			hasScannedForEncodings = 0;
			knownRegions = (
				en,
				Base,
			);
			mainGroup = 9C22A58B186613CB0058B68C;
			productRefGroup = 9C22A595186613CC0058B68C /* Products */;
			projectDirPath = "";
			projectRoot = "";
			targets = (
				9C22A593186613CC0058B68C /* HelloWorld */,
				9C22A5B4186613CC0058B68C /* HelloWorldTests */,
			);
		};
/* End PBXProject section */

/* Begin PBXResourcesBuildPhase section */
		9C22A592186613CC0058B68C /* Resources */ = {
			isa = PBXResourcesBuildPhase;
			buildActionMask = 2147483647;
			files = (
				9C22A5B0186613CC0058B68C /* Images.xcassets in Resources */,
				9C22A5A2186613CC0058B68C /* InfoPlist.strings in Resources */,
				9C22A5AB186613CC0058B68C /* Main.storyboard in Resources */,
			);
			runOnlyForDeploymentPostprocessing = 0;
		};
		9C22A5B3186613CC0058B68C /* Resources */ = {
			isa = PBXResourcesBuildPhase;
			buildActionMask = 2147483647;
			files = (
				9C22A5C1186613CC0058B68C /* InfoPlist.strings in Resources */,
			);
			runOnlyForDeploymentPostprocessing = 0;
		};
/* End PBXResourcesBuildPhase section */

/* Begin PBXSourcesBuildPhase section */
		9C22A590186613CC0058B68C /* Sources */ = {
			isa = PBXSourcesBuildPhase;
			buildActionMask = 2147483647;
			files = (
				9C22A5A4186613CC0058B68C /* main.m in Sources */,
				9C22A5A8186613CC0058B68C /* NTRAppDelegate.m in Sources */,
				9C22A5AE186613CC0058B68C /* NTRViewController.m in Sources */,
			);
			runOnlyForDeploymentPostprocessing = 0;
		};
		9C22A5B1186613CC0058B68C /* Sources */ = {
			isa = PBXSourcesBuildPhase;
			buildActionMask = 2147483647;
			files = (
				9C22A5C3186613CC0058B68C /* HelloWorldTests.m in Sources */,
			);
			runOnlyForDeploymentPostprocessing = 0;
		};
/* End PBXSourcesBuildPhase section */

/* Begin PBXTargetDependency section */
		9C22A5BB186613CC0058B68C /* PBXTargetDependency */ = {
			isa = PBXTargetDependency;
			target = 9C22A593186613CC0058B68C /* HelloWorld */;
			targetProxy = 9C22A5BA186613CC0058B68C /* PBXContainerItemProxy */;
		};
/* End PBXTargetDependency section */

/* Begin PBXVariantGroup section */
		9C22A5A0186613CC0058B68C /* InfoPlist.strings */ = {
			isa = PBXVariantGroup;
			children = (
				9C22A5A1186613CC0058B68C /* en */,
			);
			name = InfoPlist.strings;
			sourceTree = "<group>";
		};
		9C22A5A9186613CC0058B68C /* Main.storyboard */ = {
			isa = PBXVariantGroup;
			children = (
				9C22A5AA186613CC0058B68C /* Base */,
			);
			name = Main.storyboard;
			sourceTree = "<group>";
		};
		9C22A5BF186613CC0058B68C /* InfoPlist.strings */ = {
			isa = PBXVariantGroup;
			children = (
				9C22A5C0186613CC0058B68C /* en */,
			);
			name = InfoPlist.strings;
			sourceTree = "<group>";
		};
/* End PBXVariantGroup section */

/* Begin XCBuildConfiguration section */
		9C22A5C4186613CC0058B68C /* Debug */ = {
			isa = XCBuildConfiguration;
			buildSettings = {
				ALWAYS_SEARCH_USER_PATHS = NO;
				ARCHS = "$(ARCHS_STANDARD_INCLUDING_64_BIT)";
				CLANG_CXX_LANGUAGE_STANDARD = "gnu++0x";
				CLANG_CXX_LIBRARY = "libc++";
				CLANG_ENABLE_MODULES = YES;
				CLANG_ENABLE_OBJC_ARC = YES;
				CLANG_WARN_BOOL_CONVERSION = YES;
				CLANG_WARN_CONSTANT_CONVERSION = YES;
				CLANG_WARN_DIRECT_OBJC_ISA_USAGE = YES_ERROR;
				CLANG_WARN_EMPTY_BODY = YES;
				CLANG_WARN_ENUM_CONVERSION = YES;
				CLANG_WARN_INT_CONVERSION = YES;
				CLANG_WARN_OBJC_ROOT_CLASS = YES_ERROR;
				CLANG_WARN__DUPLICATE_METHOD_MATCH = YES;
				"CODE_SIGN_IDENTITY[sdk=iphoneos*]" = "iPhone Developer";
				COPY_PHASE_STRIP = NO;
				GCC_C_LANGUAGE_STANDARD = gnu99;
				GCC_DYNAMIC_NO_PIC = NO;
				GCC_OPTIMIZATION_LEVEL = 0;
				GCC_PREPROCESSOR_DEFINITIONS = (
					"DEBUG=1",
					"$(inherited)",
				);
				GCC_SYMBOLS_PRIVATE_EXTERN = NO;
				GCC_WARN_64_TO_32_BIT_CONVERSION = YES;
				GCC_WARN_ABOUT_RETURN_TYPE = YES_ERROR;
				GCC_WARN_UNDECLARED_SELECTOR = YES;
				GCC_WARN_UNINITIALIZED_AUTOS = YES;
				GCC_WARN_UNUSED_FUNCTION = YES;
				GCC_WARN_UNUSED_VARIABLE = YES;
				IPHONEOS_DEPLOYMENT_TARGET = 7.0;
				ONLY_ACTIVE_ARCH = YES;
				SDKROOT = iphoneos;
			};
			name = Debug;
		};
		9C22A5C5186613CC0058B68C /* Release */ = {
			isa = XCBuildConfiguration;
			buildSettings = {
				ALWAYS_SEARCH_USER_PATHS = NO;
				ARCHS = "$(ARCHS_STANDARD_INCLUDING_64_BIT)";
				CLANG_CXX_LANGUAGE_STANDARD = "gnu++0x";
				CLANG_CXX_LIBRARY = "libc++";
				CLANG_ENABLE_MODULES = YES;
				CLANG_ENABLE_OBJC_ARC = YES;
				CLANG_WARN_BOOL_CONVERSION = YES;
				CLANG_WARN_CONSTANT_CONVERSION = YES;
				CLANG_WARN_DIRECT_OBJC_ISA_USAGE = YES_ERROR;
				CLANG_WARN_EMPTY_BODY = YES;
				CLANG_WARN_ENUM_CONVERSION = YES;
				CLANG_WARN_INT_CONVERSION = YES;
				CLANG_WARN_OBJC_ROOT_CLASS = YES_ERROR;
				CLANG_WARN__DUPLICATE_METHOD_MATCH = YES;
				"CODE_SIGN_IDENTITY[sdk=iphoneos*]" = "iPhone Developer";
				COPY_PHASE_STRIP = YES;
				ENABLE_NS_ASSERTIONS = NO;
				GCC_C_LANGUAGE_STANDARD = gnu99;
				GCC_WARN_64_TO_32_BIT_CONVERSION = YES;
				GCC_WARN_ABOUT_RETURN_TYPE = YES_ERROR;
				GCC_WARN_UNDECLARED_SELECTOR = YES;
				GCC_WARN_UNINITIALIZED_AUTOS = YES;
				GCC_WARN_UNUSED_FUNCTION = YES;
				GCC_WARN_UNUSED_VARIABLE = YES;
				IPHONEOS_DEPLOYMENT_TARGET = 7.0;
				SDKROOT = iphoneos;
				VALIDATE_PRODUCT = YES;
			};
			name = Release;
		};
		9C22A5C7186613CC0058B68C /* Debug */ = {
			isa = XCBuildConfiguration;
			buildSettings = {
				ASSETCATALOG_COMPILER_APPICON_NAME = AppIcon;
				ASSETCATALOG_COMPILER_LAUNCHIMAGE_NAME = LaunchImage;
				GCC_PRECOMPILE_PREFIX_HEADER = YES;
				GCC_PREFIX_HEADER = "HelloWorld/HelloWorld-Prefix.pch";
				INFOPLIST_FILE = "HelloWorld/HelloWorld-Info.plist";
				PRODUCT_NAME = "$(TARGET_NAME)";
				WRAPPER_EXTENSION = app;
			};
			name = Debug;
		};
		9C22A5C8186613CC0058B68C /* Release */ = {
			isa = XCBuildConfiguration;
			buildSettings = {
				ASSETCATALOG_COMPILER_APPICON_NAME = AppIcon;
				ASSETCATALOG_COMPILER_LAUNCHIMAGE_NAME = LaunchImage;
				GCC_PRECOMPILE_PREFIX_HEADER = YES;
				GCC_PREFIX_HEADER = "HelloWorld/HelloWorld-Prefix.pch";
				INFOPLIST_FILE = "HelloWorld/HelloWorld-Info.plist";
				PRODUCT_NAME = "$(TARGET_NAME)";
				WRAPPER_EXTENSION = app;
			};
			name = Release;
		};
		9C22A5CA186613CC0058B68C /* Debug */ = {
			isa = XCBuildConfiguration;
			buildSettings = {
				ARCHS = "$(ARCHS_STANDARD_INCLUDING_64_BIT)";
				BUNDLE_LOADER = "$(BUILT_PRODUCTS_DIR)/HelloWorld.app/HelloWorld";
				FRAMEWORK_SEARCH_PATHS = (
					"$(SDKROOT)/Developer/Library/Frameworks",
					"$(inherited)",
					"$(DEVELOPER_FRAMEWORKS_DIR)",
				);
				GCC_PRECOMPILE_PREFIX_HEADER = YES;
				GCC_PREFIX_HEADER = "HelloWorld/HelloWorld-Prefix.pch";
				GCC_PREPROCESSOR_DEFINITIONS = (
					"DEBUG=1",
					"$(inherited)",
				);
				INFOPLIST_FILE = "HelloWorldTests/HelloWorldTests-Info.plist";
				PRODUCT_NAME = "$(TARGET_NAME)";
				TEST_HOST = "$(BUNDLE_LOADER)";
				WRAPPER_EXTENSION = xctest;
			};
			name = Debug;
		};
		9C22A5CB186613CC0058B68C /* Release */ = {
			isa = XCBuildConfiguration;
			buildSettings = {
				ARCHS = "$(ARCHS_STANDARD_INCLUDING_64_BIT)";
				BUNDLE_LOADER = "$(BUILT_PRODUCTS_DIR)/HelloWorld.app/HelloWorld";
				FRAMEWORK_SEARCH_PATHS = (
					"$(SDKROOT)/Developer/Library/Frameworks",
					"$(inherited)",
					"$(DEVELOPER_FRAMEWORKS_DIR)",
				);
				GCC_PRECOMPILE_PREFIX_HEADER = YES;
				GCC_PREFIX_HEADER = "HelloWorld/HelloWorld-Prefix.pch";
				INFOPLIST_FILE = "HelloWorldTests/HelloWorldTests-Info.plist";
				PRODUCT_NAME = "$(TARGET_NAME)";
				TEST_HOST = "$(BUNDLE_LOADER)";
				WRAPPER_EXTENSION = xctest;
			};
			name = Release;
		};
/* End XCBuildConfiguration section */

/* Begin XCConfigurationList section */
		9C22A58F186613CB0058B68C /* Build configuration list for PBXProject "HelloWorld" */ = {
			isa = XCConfigurationList;
			buildConfigurations = (
				9C22A5C4186613CC0058B68C /* Debug */,
				9C22A5C5186613CC0058B68C /* Release */,
			);
			defaultConfigurationIsVisible = 0;
			defaultConfigurationName = Release;
		};
		9C22A5C6186613CC0058B68C /* Build configuration list for PBXNativeTarget "HelloWorld" */ = {
			isa = XCConfigurationList;
			buildConfigurations = (
				9C22A5C7186613CC0058B68C /* Debug */,
				9C22A5C8186613CC0058B68C /* Release */,
			);
			defaultConfigurationIsVisible = 0;
		};
		9C22A5C9186613CC0058B68C /* Build configuration list for PBXNativeTarget "HelloWorldTests" */ = {
			isa = XCConfigurationList;
			buildConfigurations = (
				9C22A5CA186613CC0058B68C /* Debug */,
				9C22A5CB186613CC0058B68C /* Release */,
			);
			defaultConfigurationIsVisible = 0;
		};
/* End XCConfigurationList section */
	};
	rootObject = 9C22A58C186613CB0058B68C /* Project object */;
}
